github.com/coding4demo/private-repo v0.0.0-20241003151739-128009437b80 h1:FVXWvvshSfnNe9aJZ08Lg2iXIlOP8q2haSvuOc9KU+k=
github.com/coding4demo/private-repo v0.0.0-20241003151739-128009437b80/go.mod h1:F6cUjqza93FnG5WMrDqefMjb9Y5ngKarrVfAd/W3Ygs=
github.com/coding4demo/public-repo v0.0.0-20241003151703-16585b832629 h1:yDOcNFUjZnUqdPg8Lk/XdoNW4n1VkECSkp7KO4fDoqA=
github.com/coding4demo/public-repo v0.0.0-20241003151703-16585b832629/go.mod h1:5xkD/fIEtSHzunJyHsskHt+maks8Vf++N1eGjZB5a+Y=
